{
  "version": 2,
  "dependencies": {
    "net10.0": {
      "SkiaSharp.NativeAssets.macOS": {
        "type": "Transitive",
        "resolved": "4.150.1",
        "contentHash": "r755HVwaHZhyf1clWjrM2/RoOZYCzkQEmE9pu/mVsebPejWu52niNPUwtfyf112qoF0PIk6OndqVOUoITj6TwQ=="
      },
      "SkiaSharp.NativeAssets.Win32": {
        "type": "Transitive",
        "resolved": "4.150.1",
        "contentHash": "qrLSL8OonbkMJdSH8heK0Jl39Y2xxZGdd7Ru4cyBXk2ITdx+Fu1sCFLmvCKmnMaYs//mlN/YSpSpOurEXErcQw=="
      },
      "wooldata.visualevidence": {
        "type": "Project",
        "dependencies": {
          "SkiaSharp": "[4.150.1, )",
          "SkiaSharp.NativeAssets.Linux.NoDependencies": "[4.150.1, )"
        }
      },
      "SkiaSharp": {
        "type": "CentralTransitive",
        "requested": "[4.150.1, )",
        "resolved": "4.150.1",
        "contentHash": "5v3T8X1N62Dp+AkPO70GNBNS/NRBPGMOTiN+Prg33sZAcm/Ug3YOAH+3RTj/jxJV8NGTJs2idGpC2Qdae2mGLQ==",
        "dependencies": {
          "SkiaSharp.NativeAssets.Win32": "4.150.1",
          "SkiaSharp.NativeAssets.macOS": "4.150.1"
        }
      },
      "SkiaSharp.NativeAssets.Linux.NoDependencies": {
        "type": "CentralTransitive",
        "requested": "[4.150.1, )",
        "resolved": "4.150.1",
        "contentHash": "2KVadgDky2xQw7lEMRT/u0ftX5K1u8X7MhCN47Em22Z6VM6JJg1c9cwfGuSPAt1oY6+GjGHH18vkeev+nqT9Kw=="
      }
    }
  }
}